// !$*UTF8*$!
{
	archiveVersion = 1;
	classes = {
	};
	objectVersion = 50;
	objects = {

/* Begin PBXBuildFile section */
		DC0C61432461AAE2003F77B2 /* EnemyKU.atlas in Resources */ = {isa = PBXBuildFile; fileRef = DC0C61422461AAE2003F77B2 /* EnemyKU.atlas */; };
		DC1F3BFC245AEB1A00E993F2 /* AppDelegate.swift in Sources */ = {isa = PBXBuildFile; fileRef = DC1F3BFB245AEB1A00E993F2 /* AppDelegate.swift */; };
		DC1F3C02245AEB1A00E993F2 /* GameScene.swift in Sources */ = {isa = PBXBuildFile; fileRef = DC1F3C01245AEB1A00E993F2 /* GameScene.swift */; };
		DC1F3C04245AEB1A00E993F2 /* GameViewController.swift in Sources */ = {isa = PBXBuildFile; fileRef = DC1F3C03245AEB1A00E993F2 /* GameViewController.swift */; };
		DC1F3C07245AEB1A00E993F2 /* Main.storyboard in Resources */ = {isa = PBXBuildFile; fileRef = DC1F3C05245AEB1A00E993F2 /* Main.storyboard */; };
		DC1F3C09245AEB1B00E993F2 /* Assets.xcassets in Resources */ = {isa = PBXBuildFile; fileRef = DC1F3C08245AEB1B00E993F2 /* Assets.xcassets */; };
		DC1F3C0C245AEB1B00E993F2 /* LaunchScreen.storyboard in Resources */ = {isa = PBXBuildFile; fileRef = DC1F3C0A245AEB1B00E993F2 /* LaunchScreen.storyboard */; };
		DC2BAB2D2462DA19001E8471 /* Flame.atlas in Resources */ = {isa = PBXBuildFile; fileRef = DC2BAB2C2462DA19001E8471 /* Flame.atlas */; };
		DC2BAB332462E062001E8471 /* YellowShot.swift in Sources */ = {isa = PBXBuildFile; fileRef = DC2BAB322462E062001E8471 /* YellowShot.swift */; };
		DC2BAB352462E0A7001E8471 /* Shot.swift in Sources */ = {isa = PBXBuildFile; fileRef = DC2BAB342462E0A7001E8471 /* Shot.swift */; };
		DC2BAB372462E63B001E8471 /* Assets.swift in Sources */ = {isa = PBXBuildFile; fileRef = DC2BAB362462E63B001E8471 /* Assets.swift */; };
		DC4016B82466A83F003423C2 /* BestScene.swift in Sources */ = {isa = PBXBuildFile; fileRef = DC4016B72466A83F003423C2 /* BestScene.swift */; };
		DC4016BB2466B045003423C2 /* EnemyExplosion.sks in Resources */ = {isa = PBXBuildFile; fileRef = DC4016B92466B045003423C2 /* EnemyExplosion.sks */; };
		DC4016BC2466B045003423C2 /* Assets.xcassets in Resources */ = {isa = PBXBuildFile; fileRef = DC4016BA2466B045003423C2 /* Assets.xcassets */; };
		DC5F43F1246707C000AD84B6 /* hitSound.wav in Resources */ = {isa = PBXBuildFile; fileRef = DC5F43F0246707C000AD84B6 /* hitSound.wav */; };
		DC5F43F3246707D300AD84B6 /* WarJet.mp3 in Resources */ = {isa = PBXBuildFile; fileRef = DC5F43F2246707D300AD84B6 /* WarJet.mp3 */; };
		DC6C47B824615CF700E91E87 /* GreenPowerUp.atlas in Resources */ = {isa = PBXBuildFile; fileRef = DC6C47B724615CF700E91E87 /* GreenPowerUp.atlas */; };
		DC6C47BA2461788200E91E87 /* Enemy.swift in Sources */ = {isa = PBXBuildFile; fileRef = DC6C47B92461788200E91E87 /* Enemy.swift */; };
		DC6C47BC24617DCC00E91E87 /* Enemy.atlas in Resources */ = {isa = PBXBuildFile; fileRef = DC6C47BB24617DCC00E91E87 /* Enemy.atlas */; };
		DC78E8452462B5F60067BC3D /* BluePowerUp.atlas in Resources */ = {isa = PBXBuildFile; fileRef = DC78E8442462B5F60067BC3D /* BluePowerUp.atlas */; };
		DC78E8472462BE940067BC3D /* BluePowerUp.swift in Sources */ = {isa = PBXBuildFile; fileRef = DC78E8462462BE940067BC3D /* BluePowerUp.swift */; };
		DC78E8492462BEA30067BC3D /* GreenPowerUp.swift in Sources */ = {isa = PBXBuildFile; fileRef = DC78E8482462BEA30067BC3D /* GreenPowerUp.swift */; };
		DC7A533024655B7D00FA0385 /* SceneManager.swift in Sources */ = {isa = PBXBuildFile; fileRef = DC7A532F24655B7D00FA0385 /* SceneManager.swift */; };
		DC7A533224658E2C00FA0385 /* ParrentScene.swift in Sources */ = {isa = PBXBuildFile; fileRef = DC7A533124658E2C00FA0385 /* ParrentScene.swift */; };
		DC7A53342465949900FA0385 /* OptionsScene.swift in Sources */ = {isa = PBXBuildFile; fileRef = DC7A53332465949900FA0385 /* OptionsScene.swift */; };
		DC8C6A4D24646D7500890C52 /* HUD.swift in Sources */ = {isa = PBXBuildFile; fileRef = DC8C6A4C24646D7500890C52 /* HUD.swift */; };
		DC945C7E246497DE000CADCC /* ButtonNode.swift in Sources */ = {isa = PBXBuildFile; fileRef = DC945C7D246497DE000CADCC /* ButtonNode.swift */; };
		DC9873B8245B3CC100748D74 /* Background.swift in Sources */ = {isa = PBXBuildFile; fileRef = DC9873B7245B3CC100748D74 /* Background.swift */; };
		DC9873BA245B419700748D74 /* Island.swift in Sources */ = {isa = PBXBuildFile; fileRef = DC9873B9245B419700748D74 /* Island.swift */; };
		DC9873BC245B54E900748D74 /* Cloud.swift in Sources */ = {isa = PBXBuildFile; fileRef = DC9873BB245B54E900748D74 /* Cloud.swift */; };
		DC9873BE245B626E00748D74 /* PlayerPlane.swift in Sources */ = {isa = PBXBuildFile; fileRef = DC9873BD245B626E00748D74 /* PlayerPlane.swift */; };
		DC9873C0245B641400748D74 /* WarJetImg.atlas in Resources */ = {isa = PBXBuildFile; fileRef = DC9873BF245B641400748D74 /* WarJetImg.atlas */; };
		DC9D908F2464A3630092F160 /* PauseScene.swift in Sources */ = {isa = PBXBuildFile; fileRef = DC9D908E2464A3630092F160 /* PauseScene.swift */; };
		DCA2928624609D9600207116 /* PowerUp.swift in Sources */ = {isa = PBXBuildFile; fileRef = DCA2928524609D9600207116 /* PowerUp.swift */; };
		DCC8C987246301CF000707DF /* MenuScene.swift in Sources */ = {isa = PBXBuildFile; fileRef = DCC8C986246301CF000707DF /* MenuScene.swift */; };
		DCC8C98924630919000707DF /* BitMaskCategory.swift in Sources */ = {isa = PBXBuildFile; fileRef = DCC8C98824630919000707DF /* BitMaskCategory.swift */; };
		DCCCD364245C3B7D00A67EE0 /* protocol GameBackgroundSpriteable + Extension.swift in Sources */ = {isa = PBXBuildFile; fileRef = DCCCD363245C3B7D00A67EE0 /* protocol GameBackgroundSpriteable + Extension.swift */; };
		DCE31FE72466D9D700A93E79 /* GameOverScene.swift in Sources */ = {isa = PBXBuildFile; fileRef = DCE31FE62466D9D700A93E79 /* GameOverScene.swift */; };
/* End PBXBuildFile section */

/* Begin PBXFileReference section */
		DC0C61422461AAE2003F77B2 /* EnemyKU.atlas */ = {isa = PBXFileReference; lastKnownFileType = folder.skatlas; path = EnemyKU.atlas; sourceTree = "<group>"; };
		DC1F3BF8245AEB1A00E993F2 /* WarJet.app */ = {isa = PBXFileReference; explicitFileType = wrapper.application; includeInIndex = 0; path = WarJet.app; sourceTree = BUILT_PRODUCTS_DIR; };
		DC1F3BFB245AEB1A00E993F2 /* AppDelegate.swift */ = {isa = PBXFileReference; lastKnownFileType = sourcecode.swift; path = AppDelegate.swift; sourceTree = "<group>"; };
		DC1F3C01245AEB1A00E993F2 /* GameScene.swift */ = {isa = PBXFileReference; lastKnownFileType = sourcecode.swift; path = GameScene.swift; sourceTree = "<group>"; };
		DC1F3C03245AEB1A00E993F2 /* GameViewController.swift */ = {isa = PBXFileReference; lastKnownFileType = sourcecode.swift; path = GameViewController.swift; sourceTree = "<group>"; };
		DC1F3C06245AEB1A00E993F2 /* Base */ = {isa = PBXFileReference; lastKnownFileType = file.storyboard; name = Base; path = Base.lproj/Main.storyboard; sourceTree = "<group>"; };
		DC1F3C08245AEB1B00E993F2 /* Assets.xcassets */ = {isa = PBXFileReference; lastKnownFileType = folder.assetcatalog; path = Assets.xcassets; sourceTree = "<group>"; };
		DC1F3C0B245AEB1B00E993F2 /* Base */ = {isa = PBXFileReference; lastKnownFileType = file.storyboard; name = Base; path = Base.lproj/LaunchScreen.storyboard; sourceTree = "<group>"; };
		DC1F3C0D245AEB1B00E993F2 /* Info.plist */ = {isa = PBXFileReference; lastKnownFileType = text.plist.xml; path = Info.plist; sourceTree = "<group>"; };
		DC2BAB2C2462DA19001E8471 /* Flame.atlas */ = {isa = PBXFileReference; lastKnownFileType = folder.skatlas; path = Flame.atlas; sourceTree = "<group>"; };
		DC2BAB322462E062001E8471 /* YellowShot.swift */ = {isa = PBXFileReference; lastKnownFileType = sourcecode.swift; path = YellowShot.swift; sourceTree = "<group>"; };
		DC2BAB342462E0A7001E8471 /* Shot.swift */ = {isa = PBXFileReference; lastKnownFileType = sourcecode.swift; path = Shot.swift; sourceTree = "<group>"; };
		DC2BAB362462E63B001E8471 /* Assets.swift */ = {isa = PBXFileReference; lastKnownFileType = sourcecode.swift; path = Assets.swift; sourceTree = "<group>"; };
		DC4016B72466A83F003423C2 /* BestScene.swift */ = {isa = PBXFileReference; lastKnownFileType = sourcecode.swift; path = BestScene.swift; sourceTree = "<group>"; };
		DC4016B92466B045003423C2 /* EnemyExplosion.sks */ = {isa = PBXFileReference; lastKnownFileType = file.sks; path = EnemyExplosion.sks; sourceTree = "<group>"; };
		DC4016BA2466B045003423C2 /* Assets.xcassets */ = {isa = PBXFileReference; lastKnownFileType = folder.assetcatalog; path = Assets.xcassets; sourceTree = "<group>"; };
		DC5F43F0246707C000AD84B6 /* hitSound.wav */ = {isa = PBXFileReference; lastKnownFileType = audio.wav; path = hitSound.wav; sourceTree = "<group>"; };
		DC5F43F2246707D300AD84B6 /* WarJet.mp3 */ = {isa = PBXFileReference; lastKnownFileType = audio.mp3; path = WarJet.mp3; sourceTree = "<group>"; };
		DC6C47B724615CF700E91E87 /* GreenPowerUp.atlas */ = {isa = PBXFileReference; lastKnownFileType = folder.skatlas; path = GreenPowerUp.atlas; sourceTree = "<group>"; };
		DC6C47B92461788200E91E87 /* Enemy.swift */ = {isa = PBXFileReference; lastKnownFileType = sourcecode.swift; path = Enemy.swift; sourceTree = "<group>"; };
		DC6C47BB24617DCC00E91E87 /* Enemy.atlas */ = {isa = PBXFileReference; lastKnownFileType = folder.skatlas; path = Enemy.atlas; sourceTree = "<group>"; };
		DC78E8442462B5F60067BC3D /* BluePowerUp.atlas */ = {isa = PBXFileReference; lastKnownFileType = folder.skatlas; path = BluePowerUp.atlas; sourceTree = "<group>"; };
		DC78E8462462BE940067BC3D /* BluePowerUp.swift */ = {isa = PBXFileReference; lastKnownFileType = sourcecode.swift; path = BluePowerUp.swift; sourceTree = "<group>"; };
		DC78E8482462BEA30067BC3D /* GreenPowerUp.swift */ = {isa = PBXFileReference; lastKnownFileType = sourcecode.swift; path = GreenPowerUp.swift; sourceTree = "<group>"; };
		DC7A532F24655B7D00FA0385 /* SceneManager.swift */ = {isa = PBXFileReference; lastKnownFileType = sourcecode.swift; path = SceneManager.swift; sourceTree = "<group>"; };
		DC7A533124658E2C00FA0385 /* ParrentScene.swift */ = {isa = PBXFileReference; lastKnownFileType = sourcecode.swift; path = ParrentScene.swift; sourceTree = "<group>"; };
		DC7A53332465949900FA0385 /* OptionsScene.swift */ = {isa = PBXFileReference; lastKnownFileType = sourcecode.swift; path = OptionsScene.swift; sourceTree = "<group>"; };
		DC8C6A4C24646D7500890C52 /* HUD.swift */ = {isa = PBXFileReference; lastKnownFileType = sourcecode.swift; path = HUD.swift; sourceTree = "<group>"; };
		DC945C7D246497DE000CADCC /* ButtonNode.swift */ = {isa = PBXFileReference; lastKnownFileType = sourcecode.swift; path = ButtonNode.swift; sourceTree = "<group>"; };
		DC9873B7245B3CC100748D74 /* Background.swift */ = {isa = PBXFileReference; lastKnownFileType = sourcecode.swift; path = Background.swift; sourceTree = "<group>"; };
		DC9873B9245B419700748D74 /* Island.swift */ = {isa = PBXFileReference; lastKnownFileType = sourcecode.swift; path = Island.swift; sourceTree = "<group>"; };
		DC9873BB245B54E900748D74 /* Cloud.swift */ = {isa = PBXFileReference; lastKnownFileType = sourcecode.swift; path = Cloud.swift; sourceTree = "<group>"; };
		DC9873BD245B626E00748D74 /* PlayerPlane.swift */ = {isa = PBXFileReference; lastKnownFileType = sourcecode.swift; path = PlayerPlane.swift; sourceTree = "<group>"; };
		DC9873BF245B641400748D74 /* WarJetImg.atlas */ = {isa = PBXFileReference; lastKnownFileType = folder.skatlas; path = WarJetImg.atlas; sourceTree = "<group>"; };
		DC9D908E2464A3630092F160 /* PauseScene.swift */ = {isa = PBXFileReference; lastKnownFileType = sourcecode.swift; path = PauseScene.swift; sourceTree = "<group>"; };
		DCA2928524609D9600207116 /* PowerUp.swift */ = {isa = PBXFileReference; lastKnownFileType = sourcecode.swift; path = PowerUp.swift; sourceTree = "<group>"; };
		DCC8C986246301CF000707DF /* MenuScene.swift */ = {isa = PBXFileReference; lastKnownFileType = sourcecode.swift; path = MenuScene.swift; sourceTree = "<group>"; };
		DCC8C98824630919000707DF /* BitMaskCategory.swift */ = {isa = PBXFileReference; lastKnownFileType = sourcecode.swift; path = BitMaskCategory.swift; sourceTree = "<group>"; };
		DCCCD363245C3B7D00A67EE0 /* protocol GameBackgroundSpriteable + Extension.swift */ = {isa = PBXFileReference; lastKnownFileType = sourcecode.swift; path = "protocol GameBackgroundSpriteable + Extension.swift"; sourceTree = "<group>"; };
		DCE31FE62466D9D700A93E79 /* GameOverScene.swift */ = {isa = PBXFileReference; lastKnownFileType = sourcecode.swift; path = GameOverScene.swift; sourceTree = "<group>"; };
/* End PBXFileReference section */

/* Begin PBXFrameworksBuildPhase section */
		DC1F3BF5245AEB1A00E993F2 /* Frameworks */ = {
			isa = PBXFrameworksBuildPhase;
			buildActionMask = 2147483647;
			files = (
			);
			runOnlyForDeploymentPostprocessing = 0;
		};
/* End PBXFrameworksBuildPhase section */

/* Begin PBXGroup section */
		DC1F3BEF245AEB1A00E993F2 = {
			isa = PBXGroup;
			children = (
				DC1F3BFA245AEB1A00E993F2 /* WarJet */,
				DC1F3BF9245AEB1A00E993F2 /* Products */,
			);
			sourceTree = "<group>";
		};
		DC1F3BF9245AEB1A00E993F2 /* Products */ = {
			isa = PBXGroup;
			children = (
				DC1F3BF8245AEB1A00E993F2 /* WarJet.app */,
			);
			name = Products;
			sourceTree = "<group>";
		};
		DC1F3BFA245AEB1A00E993F2 /* WarJet */ = {
			isa = PBXGroup;
			children = (
				DC4016BD2466B061003423C2 /* Particals */,
				DC8C6A5324647FC700890C52 /* Scenes */,
				DC8C6A5124647F8600890C52 /* Classes */,
				DC8C6A5224647FA800890C52 /* Manager */,
				DC8C6A5024647D8700890C52 /* Protocols & Extensions */,
				DC8C6A4F24647D6800890C52 /* Controllers */,
				DC2BAB2F2462DB22001E8471 /* Atlases */,
				DC8C6A4E24647D4400890C52 /* Supporting files */,
				DC1F3C08245AEB1B00E993F2 /* Assets.xcassets */,
				DC1F3C0D245AEB1B00E993F2 /* Info.plist */,
			);
			path = WarJet;
			sourceTree = "<group>";
		};
		DC2BAB2F2462DB22001E8471 /* Atlases */ = {
			isa = PBXGroup;
			children = (
				DC2BAB2C2462DA19001E8471 /* Flame.atlas */,
				DC78E8442462B5F60067BC3D /* BluePowerUp.atlas */,
				DC0C61422461AAE2003F77B2 /* EnemyKU.atlas */,
				DC6C47BB24617DCC00E91E87 /* Enemy.atlas */,
				DC6C47B724615CF700E91E87 /* GreenPowerUp.atlas */,
				DC9873BF245B641400748D74 /* WarJetImg.atlas */,
			);
			path = Atlases;
			sourceTree = "<group>";
		};
		DC4016BD2466B061003423C2 /* Particals */ = {
			isa = PBXGroup;
			children = (
				DC4016B92466B045003423C2 /* EnemyExplosion.sks */,
				DC4016BA2466B045003423C2 /* Assets.xcassets */,
			);
			path = Particals;
			sourceTree = "<group>";
		};
		DC8C6A4E24647D4400890C52 /* Supporting files */ = {
			isa = PBXGroup;
			children = (
				DC5F43F2246707D300AD84B6 /* WarJet.mp3 */,
				DC5F43F0246707C000AD84B6 /* hitSound.wav */,
				DC1F3BFB245AEB1A00E993F2 /* AppDelegate.swift */,
				DC1F3C05245AEB1A00E993F2 /* Main.storyboard */,
				DC1F3C0A245AEB1B00E993F2 /* LaunchScreen.storyboard */,
			);
			path = "Supporting files";
			sourceTree = "<group>";
		};
		DC8C6A4F24647D6800890C52 /* Controllers */ = {
			isa = PBXGroup;
			children = (
				DC1F3C03245AEB1A00E993F2 /* GameViewController.swift */,
			);
			path = Controllers;
			sourceTree = "<group>";
		};
		DC8C6A5024647D8700890C52 /* Protocols & Extensions */ = {
			isa = PBXGroup;
			children = (
				DCCCD363245C3B7D00A67EE0 /* protocol GameBackgroundSpriteable + Extension.swift */,
			);
			path = "Protocols & Extensions";
			sourceTree = "<group>";
		};
		DC8C6A5124647F8600890C52 /* Classes */ = {
			isa = PBXGroup;
			children = (
				DC8C6A4C24646D7500890C52 /* HUD.swift */,
				DC945C7D246497DE000CADCC /* ButtonNode.swift */,
				DC9873B9245B419700748D74 /* Island.swift */,
				DC9873BB245B54E900748D74 /* Cloud.swift */,
				DC2BAB342462E0A7001E8471 /* Shot.swift */,
				DC9873BD245B626E00748D74 /* PlayerPlane.swift */,
				DC2BAB322462E062001E8471 /* YellowShot.swift */,
				DC6C47B92461788200E91E87 /* Enemy.swift */,
				DCA2928524609D9600207116 /* PowerUp.swift */,
				DC78E8462462BE940067BC3D /* BluePowerUp.swift */,
				DC78E8482462BEA30067BC3D /* GreenPowerUp.swift */,
				DC9873B7245B3CC100748D74 /* Background.swift */,
			);
			path = Classes;
			sourceTree = "<group>";
		};
		DC8C6A5224647FA800890C52 /* Manager */ = {
			isa = PBXGroup;
			children = (
				DC2BAB362462E63B001E8471 /* Assets.swift */,
				DC7A532F24655B7D00FA0385 /* SceneManager.swift */,
				DCC8C98824630919000707DF /* BitMaskCategory.swift */,
			);
			path = Manager;
			sourceTree = "<group>";
		};
		DC8C6A5324647FC700890C52 /* Scenes */ = {
			isa = PBXGroup;
			children = (
				DC1F3C01245AEB1A00E993F2 /* GameScene.swift */,
				DCC8C986246301CF000707DF /* MenuScene.swift */,
				DC9D908E2464A3630092F160 /* PauseScene.swift */,
				DCE31FE62466D9D700A93E79 /* GameOverScene.swift */,
				DC7A53332465949900FA0385 /* OptionsScene.swift */,
				DC4016B72466A83F003423C2 /* BestScene.swift */,
				DC7A533124658E2C00FA0385 /* ParrentScene.swift */,
			);
			path = Scenes;
			sourceTree = "<group>";
		};
/* End PBXGroup section */

/* Begin PBXNativeTarget section */
		DC1F3BF7245AEB1A00E993F2 /* WarJet */ = {
			isa = PBXNativeTarget;
			buildConfigurationList = DC1F3C10245AEB1B00E993F2 /* Build configuration list for PBXNativeTarget "WarJet" */;
			buildPhases = (
				DC1F3BF4245AEB1A00E993F2 /* Sources */,
				DC1F3BF5245AEB1A00E993F2 /* Frameworks */,
				DC1F3BF6245AEB1A00E993F2 /* Resources */,
			);
			buildRules = (
			);
			dependencies = (
			);
			name = WarJet;
			productName = WarJet;
			productReference = DC1F3BF8245AEB1A00E993F2 /* WarJet.app */;
			productType = "com.apple.product-type.application";
		};
/* End PBXNativeTarget section */

/* Begin PBXProject section */
		DC1F3BF0245AEB1A00E993F2 /* Project object */ = {
			isa = PBXProject;
			attributes = {
				LastSwiftUpdateCheck = 1140;
				LastUpgradeCheck = 1140;
				ORGANIZATIONNAME = BioRobot;
				TargetAttributes = {
					DC1F3BF7245AEB1A00E993F2 = {
						CreatedOnToolsVersion = 11.4;
					};
				};
			};
			buildConfigurationList = DC1F3BF3245AEB1A00E993F2 /* Build configuration list for PBXProject "WarJet" */;
			compatibilityVersion = "Xcode 9.3";
			developmentRegion = en;
			hasScannedForEncodings = 0;
			knownRegions = (
				en,
				Base,
			);
			mainGroup = DC1F3BEF245AEB1A00E993F2;
			productRefGroup = DC1F3BF9245AEB1A00E993F2 /* Products */;
			projectDirPath = "";
			projectRoot = "";
			targets = (
				DC1F3BF7245AEB1A00E993F2 /* WarJet */,
			);
		};
/* End PBXProject section */

/* Begin PBXResourcesBuildPhase section */
		DC1F3BF6245AEB1A00E993F2 /* Resources */ = {
			isa = PBXResourcesBuildPhase;
			buildActionMask = 2147483647;
			files = (
				DC2BAB2D2462DA19001E8471 /* Flame.atlas in Resources */,
				DC9873C0245B641400748D74 /* WarJetImg.atlas in Resources */,
				DC4016BC2466B045003423C2 /* Assets.xcassets in Resources */,
				DC6C47B824615CF700E91E87 /* GreenPowerUp.atlas in Resources */,
				DC6C47BC24617DCC00E91E87 /* Enemy.atlas in Resources */,
				DC1F3C07245AEB1A00E993F2 /* Main.storyboard in Resources */,
				DC1F3C09245AEB1B00E993F2 /* Assets.xcassets in Resources */,
				DC4016BB2466B045003423C2 /* EnemyExplosion.sks in Resources */,
				DC5F43F3246707D300AD84B6 /* WarJet.mp3 in Resources */,
				DC0C61432461AAE2003F77B2 /* EnemyKU.atlas in Resources */,
				DC78E8452462B5F60067BC3D /* BluePowerUp.atlas in Resources */,
				DC5F43F1246707C000AD84B6 /* hitSound.wav in Resources */,
				DC1F3C0C245AEB1B00E993F2 /* LaunchScreen.storyboard in Resources */,
			);
			runOnlyForDeploymentPostprocessing = 0;
		};
/* End PBXResourcesBuildPhase section */

/* Begin PBXSourcesBuildPhase section */
		DC1F3BF4245AEB1A00E993F2 /* Sources */ = {
			isa = PBXSourcesBuildPhase;
			buildActionMask = 2147483647;
			files = (
				DC1F3C02245AEB1A00E993F2 /* GameScene.swift in Sources */,
				DC2BAB332462E062001E8471 /* YellowShot.swift in Sources */,
				DC9873BE245B626E00748D74 /* PlayerPlane.swift in Sources */,
				DC2BAB352462E0A7001E8471 /* Shot.swift in Sources */,
				DC9873BC245B54E900748D74 /* Cloud.swift in Sources */,
				DC1F3C04245AEB1A00E993F2 /* GameViewController.swift in Sources */,
				DC78E8472462BE940067BC3D /* BluePowerUp.swift in Sources */,
				DC1F3BFC245AEB1A00E993F2 /* AppDelegate.swift in Sources */,
				DC2BAB372462E63B001E8471 /* Assets.swift in Sources */,
				DCCCD364245C3B7D00A67EE0 /* protocol GameBackgroundSpriteable + Extension.swift in Sources */,
				DCE31FE72466D9D700A93E79 /* GameOverScene.swift in Sources */,
				DC7A533024655B7D00FA0385 /* SceneManager.swift in Sources */,
				DC6C47BA2461788200E91E87 /* Enemy.swift in Sources */,
				DC78E8492462BEA30067BC3D /* GreenPowerUp.swift in Sources */,
				DC9873B8245B3CC100748D74 /* Background.swift in Sources */,
				DC4016B82466A83F003423C2 /* BestScene.swift in Sources */,
				DCC8C98924630919000707DF /* BitMaskCategory.swift in Sources */,
				DC7A533224658E2C00FA0385 /* ParrentScene.swift in Sources */,
				DCC8C987246301CF000707DF /* MenuScene.swift in Sources */,
				DC9D908F2464A3630092F160 /* PauseScene.swift in Sources */,
				DC8C6A4D24646D7500890C52 /* HUD.swift in Sources */,
				DCA2928624609D9600207116 /* PowerUp.swift in Sources */,
				DC9873BA245B419700748D74 /* Island.swift in Sources */,
				DC945C7E246497DE000CADCC /* ButtonNode.swift in Sources */,
				DC7A53342465949900FA0385 /* OptionsScene.swift in Sources */,
			);
			runOnlyForDeploymentPostprocessing = 0;
		};
/* End PBXSourcesBuildPhase section */

/* Begin PBXVariantGroup section */
		DC1F3C05245AEB1A00E993F2 /* Main.storyboard */ = {
			isa = PBXVariantGroup;
			children = (
				DC1F3C06245AEB1A00E993F2 /* Base */,
			);
			name = Main.storyboard;
			sourceTree = "<group>";
		};
		DC1F3C0A245AEB1B00E993F2 /* LaunchScreen.storyboard */ = {
			isa = PBXVariantGroup;
			children = (
				DC1F3C0B245AEB1B00E993F2 /* Base */,
			);
			name = LaunchScreen.storyboard;
			sourceTree = "<group>";
		};
/* End PBXVariantGroup section */

/* Begin XCBuildConfiguration section */
		DC1F3C0E245AEB1B00E993F2 /* Debug */ = {
			isa = XCBuildConfiguration;
			buildSettings = {
				ALWAYS_SEARCH_USER_PATHS = NO;
				CLANG_ANALYZER_NONNULL = YES;
				CLANG_ANALYZER_NUMBER_OBJECT_CONVERSION = YES_AGGRESSIVE;
				CLANG_CXX_LANGUAGE_STANDARD = "gnu++14";
				CLANG_CXX_LIBRARY = "libc++";
				CLANG_ENABLE_MODULES = YES;
				CLANG_ENABLE_OBJC_ARC = YES;
				CLANG_ENABLE_OBJC_WEAK = YES;
				CLANG_WARN_BLOCK_CAPTURE_AUTORELEASING = YES;
				CLANG_WARN_BOOL_CONVERSION = YES;
				CLANG_WARN_COMMA = YES;
				CLANG_WARN_CONSTANT_CONVERSION = YES;
				CLANG_WARN_DEPRECATED_OBJC_IMPLEMENTATIONS = YES;
				CLANG_WARN_DIRECT_OBJC_ISA_USAGE = YES_ERROR;
				CLANG_WARN_DOCUMENTATION_COMMENTS = YES;
				CLANG_WARN_EMPTY_BODY = YES;
				CLANG_WARN_ENUM_CONVERSION = YES;
				CLANG_WARN_INFINITE_RECURSION = YES;
				CLANG_WARN_INT_CONVERSION = YES;
				CLANG_WARN_NON_LITERAL_NULL_CONVERSION = YES;
				CLANG_WARN_OBJC_IMPLICIT_RETAIN_SELF = YES;
				CLANG_WARN_OBJC_LITERAL_CONVERSION = YES;
				CLANG_WARN_OBJC_ROOT_CLASS = YES_ERROR;
				CLANG_WARN_RANGE_LOOP_ANALYSIS = YES;
				CLANG_WARN_STRICT_PROTOTYPES = YES;
				CLANG_WARN_SUSPICIOUS_MOVE = YES;
				CLANG_WARN_UNGUARDED_AVAILABILITY = YES_AGGRESSIVE;
				CLANG_WARN_UNREACHABLE_CODE = YES;
				CLANG_WARN__DUPLICATE_METHOD_MATCH = YES;
				COPY_PHASE_STRIP = NO;
				DEBUG_INFORMATION_FORMAT = dwarf;
				ENABLE_STRICT_OBJC_MSGSEND = YES;
				ENABLE_TESTABILITY = YES;
				GCC_C_LANGUAGE_STANDARD = gnu11;
				GCC_DYNAMIC_NO_PIC = NO;
				GCC_NO_COMMON_BLOCKS = YES;
				GCC_OPTIMIZATION_LEVEL = 0;
				GCC_PREPROCESSOR_DEFINITIONS = (
					"DEBUG=1",
					"$(inherited)",
				);
				GCC_WARN_64_TO_32_BIT_CONVERSION = YES;
				GCC_WARN_ABOUT_RETURN_TYPE = YES_ERROR;
				GCC_WARN_UNDECLARED_SELECTOR = YES;
				GCC_WARN_UNINITIALIZED_AUTOS = YES_AGGRESSIVE;
				GCC_WARN_UNUSED_FUNCTION = YES;
				GCC_WARN_UNUSED_VARIABLE = YES;
				IPHONEOS_DEPLOYMENT_TARGET = 13.4;
				MTL_ENABLE_DEBUG_INFO = INCLUDE_SOURCE;
				MTL_FAST_MATH = YES;
				ONLY_ACTIVE_ARCH = YES;
				SDKROOT = iphoneos;
				SWIFT_ACTIVE_COMPILATION_CONDITIONS = DEBUG;
				SWIFT_OPTIMIZATION_LEVEL = "-Onone";
			};
			name = Debug;
		};
		DC1F3C0F245AEB1B00E993F2 /* Release */ = {
			isa = XCBuildConfiguration;
			buildSettings = {
				ALWAYS_SEARCH_USER_PATHS = NO;
				CLANG_ANALYZER_NONNULL = YES;
				CLANG_ANALYZER_NUMBER_OBJECT_CONVERSION = YES_AGGRESSIVE;
				CLANG_CXX_LANGUAGE_STANDARD = "gnu++14";
				CLANG_CXX_LIBRARY = "libc++";
				CLANG_ENABLE_MODULES = YES;
				CLANG_ENABLE_OBJC_ARC = YES;
				CLANG_ENABLE_OBJC_WEAK = YES;
				CLANG_WARN_BLOCK_CAPTURE_AUTORELEASING = YES;
				CLANG_WARN_BOOL_CONVERSION = YES;
				CLANG_WARN_COMMA = YES;
				CLANG_WARN_CONSTANT_CONVERSION = YES;
				CLANG_WARN_DEPRECATED_OBJC_IMPLEMENTATIONS = YES;
				CLANG_WARN_DIRECT_OBJC_ISA_USAGE = YES_ERROR;
				CLANG_WARN_DOCUMENTATION_COMMENTS = YES;
				CLANG_WARN_EMPTY_BODY = YES;
				CLANG_WARN_ENUM_CONVERSION = YES;
				CLANG_WARN_INFINITE_RECURSION = YES;
				CLANG_WARN_INT_CONVERSION = YES;
				CLANG_WARN_NON_LITERAL_NULL_CONVERSION = YES;
				CLANG_WARN_OBJC_IMPLICIT_RETAIN_SELF = YES;
				CLANG_WARN_OBJC_LITERAL_CONVERSION = YES;
				CLANG_WARN_OBJC_ROOT_CLASS = YES_ERROR;
				CLANG_WARN_RANGE_LOOP_ANALYSIS = YES;
				CLANG_WARN_STRICT_PROTOTYPES = YES;
				CLANG_WARN_SUSPICIOUS_MOVE = YES;
				CLANG_WARN_UNGUARDED_AVAILABILITY = YES_AGGRESSIVE;
				CLANG_WARN_UNREACHABLE_CODE = YES;
				CLANG_WARN__DUPLICATE_METHOD_MATCH = YES;
				COPY_PHASE_STRIP = NO;
				DEBUG_INFORMATION_FORMAT = "dwarf-with-dsym";
				ENABLE_NS_ASSERTIONS = NO;
				ENABLE_STRICT_OBJC_MSGSEND = YES;
				GCC_C_LANGUAGE_STANDARD = gnu11;
				GCC_NO_COMMON_BLOCKS = YES;
				GCC_WARN_64_TO_32_BIT_CONVERSION = YES;
				GCC_WARN_ABOUT_RETURN_TYPE = YES_ERROR;
				GCC_WARN_UNDECLARED_SELECTOR = YES;
				GCC_WARN_UNINITIALIZED_AUTOS = YES_AGGRESSIVE;
				GCC_WARN_UNUSED_FUNCTION = YES;
				GCC_WARN_UNUSED_VARIABLE = YES;
				IPHONEOS_DEPLOYMENT_TARGET = 13.4;
				MTL_ENABLE_DEBUG_INFO = NO;
				MTL_FAST_MATH = YES;
				SDKROOT = iphoneos;
				SWIFT_COMPILATION_MODE = wholemodule;
				SWIFT_OPTIMIZATION_LEVEL = "-O";
				VALIDATE_PRODUCT = YES;
			};
			name = Release;
		};
		DC1F3C11245AEB1B00E993F2 /* Debug */ = {
			isa = XCBuildConfiguration;
			buildSettings = {
				CODE_SIGN_STYLE = Automatic;
				DEVELOPMENT_TEAM = 4QSC974X3E;
				INFOPLIST_FILE = WarJet/Info.plist;
				LD_RUNPATH_SEARCH_PATHS = (
					"$(inherited)",
					"@executable_path/Frameworks",
				);
				PRODUCT_BUNDLE_IDENTIFIER = fairmentat.WarJet;
				PRODUCT_NAME = "$(TARGET_NAME)";
				SWIFT_VERSION = 5.0;
				TARGETED_DEVICE_FAMILY = 1;
			};
			name = Debug;
		};
		DC1F3C12245AEB1B00E993F2 /* Release */ = {
			isa = XCBuildConfiguration;
			buildSettings = {
				CODE_SIGN_STYLE = Automatic;
				DEVELOPMENT_TEAM = 4QSC974X3E;
				INFOPLIST_FILE = WarJet/Info.plist;
				LD_RUNPATH_SEARCH_PATHS = (
					"$(inherited)",
					"@executable_path/Frameworks",
				);
				PRODUCT_BUNDLE_IDENTIFIER = fairmentat.WarJet;
				PRODUCT_NAME = "$(TARGET_NAME)";
				SWIFT_VERSION = 5.0;
				TARGETED_DEVICE_FAMILY = 1;
			};
			name = Release;
		};
/* End XCBuildConfiguration section */

/* Begin XCConfigurationList section */
		DC1F3BF3245AEB1A00E993F2 /* Build configuration list for PBXProject "WarJet" */ = {
			isa = XCConfigurationList;
			buildConfigurations = (
				DC1F3C0E245AEB1B00E993F2 /* Debug */,
				DC1F3C0F245AEB1B00E993F2 /* Release */,
			);
			defaultConfigurationIsVisible = 0;
			defaultConfigurationName = Release;
		};
		DC1F3C10245AEB1B00E993F2 /* Build configuration list for PBXNativeTarget "WarJet" */ = {
			isa = XCConfigurationList;
			buildConfigurations = (
				DC1F3C11245AEB1B00E993F2 /* Debug */,
				DC1F3C12245AEB1B00E993F2 /* Release */,
			);
			defaultConfigurationIsVisible = 0;
			defaultConfigurationName = Release;
		};
/* End XCConfigurationList section */
	};
	rootObject = DC1F3BF0245AEB1A00E993F2 /* Project object */;
}
